
Microsoft Visual Studio Solution File, Format Version 12.00
# Visual Studio Version 17
VisualStudioVersion = 17.0.31903.59
MinimumVisualStudioVersion = 10.0.40219.1
Project("{2150E333-8FDC-42A3-9474-1A3956D46DE8}") = "src", "src", "{F1B27E6E-015F-441D-8D25-40F2DCE43D99}"
EndProject
Project("{FAE04EC0-301F-11D3-BF4B-00C04F79EFBC}") = "BulkReversal.Domain", "src\BulkReversal.Domain\BulkReversal.Domain.csproj", "{71897276-83FB-4CA4-A3EA-CDB2C071985C}"
EndProject
Project("{FAE04EC0-301F-11D3-BF4B-00C04F79EFBC}") = "BulkReversal.Application", "src\BulkReversal.Application\BulkReversal.Application.csproj", "{5900C2AD-9829-40AB-8B4B-75527A5E3B4A}"
EndProject
Project("{FAE04EC0-301F-11D3-BF4B-00C04F79EFBC}") = "BulkReversal.Infrastructure", "src\BulkReversal.Infrastructure\BulkReversal.Infrastructure.csproj", "{73BA0AAF-52C2-4315-A673-D62F1B156022}"
EndProject
Project("{FAE04EC0-301F-11D3-BF4B-00C04F79EFBC}") = "BulkReversal.API", "src\BulkReversal.API\BulkReversal.API.csproj", "{08E20405-3A26-43A2-8004-8DBA166DC2FA}"
EndProject
Project("{2150E333-8FDC-42A3-9474-1A3956D46DE8}") = "tests", "tests", "{37D6F717-7E6F-4E31-81FB-D89566A52F30}"
EndProject
Project("{FAE04EC0-301F-11D3-BF4B-00C04F79EFBC}") = "BulkReversal.UnitTests", "tests\BulkReversal.UnitTests\BulkReversal.UnitTests.csproj", "{B9E0C49C-C2AF-4AD8-81ED-EB57B04CB30C}"
EndProject
Global
	GlobalSection(SolutionConfigurationPlatforms) = preSolution
		Debug|Any CPU = Debug|Any CPU
		Release|Any CPU = Release|Any CPU
	EndGlobalSection
	GlobalSection(SolutionProperties) = preSolution
		HideSolutionNode = FALSE
	EndGlobalSection
	GlobalSection(ProjectConfigurationPlatforms) = postSolution
		{71897276-83FB-4CA4-A3EA-CDB2C071985C}.Debug|Any CPU.ActiveCfg = Debug|Any CPU
		{71897276-83FB-4CA4-A3EA-CDB2C071985C}.Debug|Any CPU.Build.0 = Debug|Any CPU
		{71897276-83FB-4CA4-A3EA-CDB2C071985C}.Release|Any CPU.ActiveCfg = Release|Any CPU
		{71897276-83FB-4CA4-A3EA-CDB2C071985C}.Release|Any CPU.Build.0 = Release|Any CPU
		{5900C2AD-9829-40AB-8B4B-75527A5E3B4A}.Debug|Any CPU.ActiveCfg = Debug|Any CPU
		{5900C2AD-9829-40AB-8B4B-75527A5E3B4A}.Debug|Any CPU.Build.0 = Debug|Any CPU
		{5900C2AD-9829-40AB-8B4B-75527A5E3B4A}.Release|Any CPU.ActiveCfg = Release|Any CPU
		{5900C2AD-9829-40AB-8B4B-75527A5E3B4A}.Release|Any CPU.Build.0 = Release|Any CPU
		{73BA0AAF-52C2-4315-A673-D62F1B156022}.Debug|Any CPU.ActiveCfg = Debug|Any CPU
		{73BA0AAF-52C2-4315-A673-D62F1B156022}.Debug|Any CPU.Build.0 = Debug|Any CPU
		{73BA0AAF-52C2-4315-A673-D62F1B156022}.Release|Any CPU.ActiveCfg = Release|Any CPU
		{73BA0AAF-52C2-4315-A673-D62F1B156022}.Release|Any CPU.Build.0 = Release|Any CPU
		{08E20405-3A26-43A2-8004-8DBA166DC2FA}.Debug|Any CPU.ActiveCfg = Debug|Any CPU
		{08E20405-3A26-43A2-8004-8DBA166DC2FA}.Debug|Any CPU.Build.0 = Debug|Any CPU
		{08E20405-3A26-43A2-8004-8DBA166DC2FA}.Release|Any CPU.ActiveCfg = Release|Any CPU
		{08E20405-3A26-43A2-8004-8DBA166DC2FA}.Release|Any CPU.Build.0 = Release|Any CPU
		{B9E0C49C-C2AF-4AD8-81ED-EB57B04CB30C}.Debug|Any CPU.ActiveCfg = Debug|Any CPU
		{B9E0C49C-C2AF-4AD8-81ED-EB57B04CB30C}.Debug|Any CPU.Build.0 = Debug|Any CPU
		{B9E0C49C-C2AF-4AD8-81ED-EB57B04CB30C}.Release|Any CPU.ActiveCfg = Release|Any CPU
		{B9E0C49C-C2AF-4AD8-81ED-EB57B04CB30C}.Release|Any CPU.Build.0 = Release|Any CPU
	EndGlobalSection
	GlobalSection(NestedProjects) = preSolution
		{71897276-83FB-4CA4-A3EA-CDB2C071985C} = {F1B27E6E-015F-441D-8D25-40F2DCE43D99}
		{5900C2AD-9829-40AB-8B4B-75527A5E3B4A} = {F1B27E6E-015F-441D-8D25-40F2DCE43D99}
		{73BA0AAF-52C2-4315-A673-D62F1B156022} = {F1B27E6E-015F-441D-8D25-40F2DCE43D99}
		{08E20405-3A26-43A2-8004-8DBA166DC2FA} = {F1B27E6E-015F-441D-8D25-40F2DCE43D99}
		{B9E0C49C-C2AF-4AD8-81ED-EB57B04CB30C} = {37D6F717-7E6F-4E31-81FB-D89566A52F30}
	EndGlobalSection
EndGlobal
